{
  "name": "react-native-video-viewer",
  "version": "0.0.1",
  "lockfileVersion": 1,
  "requires": true,
  "dependencies": {
    "eme-encryption-scheme-polyfill": {
      "version": "2.0.1",
      "resolved": "https://registry.npmjs.org/eme-encryption-scheme-polyfill/-/eme-encryption-scheme-polyfill-2.0.1.tgz",
      "integrity": "sha512-Wz+Ro1c0/2Wsx2RLFvTOO0m4LvYn+7cSnq3XOvRvLLBq8jbvUACH/zpU9s0/5+mQa5oaelkU69x+q0z/iWYrFA=="
    },
    "js-tokens": {
      "version": "4.0.0",
      "resolved": "https://registry.npmjs.org/js-tokens/-/js-tokens-4.0.0.tgz",
      "integrity": "sha512-RdJUflcE3cUzKiMqQgsCu06FPu9UdIJO0beYbPhHN4k6apgJtifcoCtT9bcxOpYBtpD2kCM6Sbzg4CausW/PKQ=="
    },
    "keymirror": {
      "version": "0.1.1",
      "resolved": "https://registry.npmjs.org/keymirror/-/keymirror-0.1.1.tgz",
      "integrity": "sha1-kYiJ6hP40KQufFVyUO7nE63JXDU="
    },
    "loose-envify": {
      "version": "1.4.0",
      "resolved": "https://registry.npmjs.org/loose-envify/-/loose-envify-1.4.0.tgz",
      "integrity": "sha512-lyuxPGr/Wfhrlem2CL/UcnUc1zcqKAImBDzukY7Y5F/yQiNdko6+fRLevlw1HgMySw7f611UIY408EtxRSoK3Q==",
      "requires": {
        "js-tokens": "^3.0.0 || ^4.0.0"
      }
    },
    "object-assign": {
      "version": "4.1.1",
      "resolved": "https://registry.npmjs.org/object-assign/-/object-assign-4.1.1.tgz",
      "integrity": "sha1-IQmtx5ZYh8/AXLvUQsrIv7s2CGM="
    },
    "prop-types": {
      "version": "15.7.2",
      "resolved": "https://registry.npmjs.org/prop-types/-/prop-types-15.7.2.tgz",
      "integrity": "sha512-8QQikdH7//R2vurIJSutZ1smHYTcLpRWEOlHnzcWHmBYrOGUysKwSsrC89BCiFj3CbrfJ/nXFdJepOVrY1GCHQ==",
      "requires": {
        "loose-envify": "^1.4.0",
        "object-assign": "^4.1.1",
        "react-is": "^16.8.1"
      }
    },
    "react-is": {
      "version": "16.13.1",
      "resolved": "https://registry.npmjs.org/react-is/-/react-is-16.13.1.tgz",
      "integrity": "sha512-24e6ynE2H+OKt4kqsOvNd8kBpV65zoxbA4BVsEOB3ARVWQki/DHzaUoC5KuON/BiccDaCCTZBuOcfZs70kR8bQ=="
    },
    "react-native-orientation-locker": {
      "version": "1.2.0",
      "resolved": "https://registry.npmjs.org/react-native-orientation-locker/-/react-native-orientation-locker-1.2.0.tgz",
      "integrity": "sha512-lnwp9Jbt1m/0Gfw9a5Mrwj/APNSuYkVdJEgBKRyQgOshDrKRv5dxpD0P786AgIEjnEbjyrNOS6GQvBdqPYSxsg=="
    },
    "react-native-slider": {
      "version": "0.11.0",
      "resolved": "https://registry.npmjs.org/react-native-slider/-/react-native-slider-0.11.0.tgz",
      "integrity": "sha512-jV9K87eu9uWr0uJIyrSpBLnCKvVlOySC2wynq9TFCdV9oGgjt7Niq8Q1A8R8v+5GHsuBw/s8vEj1AAkkUi+u+w==",
      "requires": {
        "prop-types": "^15.5.6"
      }
    },
    "react-native-video": {
      "version": "5.1.0-alpha8",
      "resolved": "https://registry.npmjs.org/react-native-video/-/react-native-video-5.1.0-alpha8.tgz",
      "integrity": "sha512-RRDSxqKe2F4OtiDWKCQlwVzvcsZ/TcWQdRxeAE3wsGBmFpAYFyhCz52QkFXgQQgYUuIK6Wd+j2lVxUoLp4+R2w==",
      "requires": {
        "keymirror": "^0.1.1",
        "prop-types": "^15.7.2",
        "shaka-player": "^2.5.9"
      }
    },
    "shaka-player": {
      "version": "2.5.16",
      "resolved": "https://registry.npmjs.org/shaka-player/-/shaka-player-2.5.16.tgz",
      "integrity": "sha512-VlR8SMD/PADmUMea8wJPWW3rOu7E608cZCpcymqNlpjOH55Djgzp/24oXJFmeu929vWBR2UuFsqN3fShjI3OAw==",
      "requires": {
        "eme-encryption-scheme-polyfill": "^2.0.1"
      }
    }
  }
}
